
Microsoft Visual Studio Solution File, Format Version 12.00
# Visual Studio Version 17
VisualStudioVersion = 17.0.31903.59
MinimumVisualStudioVersion = 10.0.40219.1
Project("{FAE04EC0-301F-11D3-BF4B-00C04F79EFBC}") = "AirQuality.Api", "AirQuality.Api\AirQuality.Api.csproj", "{D1E0B9AB-A6AB-C226-D669-2B6FDEBE1E73}"
EndProject
Project("{FAE04EC0-301F-11D3-BF4B-00C04F79EFBC}") = "AirQuality.Geocoding", "AirQuality.Geocoding\AirQuality.Geocoding.csproj", "{18E48CE7-E30F-A521-71D9-2881DE462288}"
EndProject
Project("{FAE04EC0-301F-11D3-BF4B-00C04F79EFBC}") = "AirQuality.Geocoding.Contracts", "AirQuality.Geocoding.Contracts\AirQuality.Geocoding.Contracts.csproj", "{A27043A2-517B-CD26-0D55-014685BDCAE7}"
EndProject
Project("{FAE04EC0-301F-11D3-BF4B-00C04F79EFBC}") = "AirQuality.Locations", "AirQuality.Locations\AirQuality.Locations.csproj", "{80F9B431-C036-587A-0590-689448D625E2}"
EndProject
Project("{FAE04EC0-301F-11D3-BF4B-00C04F79EFBC}") = "AirQuality.OpenAQ", "AirQuality.OpenAQ\AirQuality.OpenAQ.csproj", "{17699D75-483C-188C-4C8A-B4462536922F}"
EndProject
Project("{FAE04EC0-301F-11D3-BF4B-00C04F79EFBC}") = "AirQuality.OpenAQ.Contracts", "AirQuality.OpenAQ.Contracts\AirQuality.OpenAQ.Contracts.csproj", "{049E42D4-1582-C3FC-4CD5-77267A2A0400}"
EndProject
Project("{E53339B2-1760-4266-BCC7-CA923CBCF16C}") = "docker-compose", "docker-compose.dcproj", "{81DDED9D-158B-E303-5F62-77A2896D2A5A}"
EndProject
Global
	GlobalSection(SolutionConfigurationPlatforms) = preSolution
		Debug|Any CPU = Debug|Any CPU
		Release|Any CPU = Release|Any CPU
	EndGlobalSection
	GlobalSection(ProjectConfigurationPlatforms) = postSolution
		{D1E0B9AB-A6AB-C226-D669-2B6FDEBE1E73}.Debug|Any CPU.ActiveCfg = Debug|Any CPU
		{D1E0B9AB-A6AB-C226-D669-2B6FDEBE1E73}.Debug|Any CPU.Build.0 = Debug|Any CPU
		{D1E0B9AB-A6AB-C226-D669-2B6FDEBE1E73}.Release|Any CPU.ActiveCfg = Release|Any CPU
		{D1E0B9AB-A6AB-C226-D669-2B6FDEBE1E73}.Release|Any CPU.Build.0 = Release|Any CPU
		{18E48CE7-E30F-A521-71D9-2881DE462288}.Debug|Any CPU.ActiveCfg = Debug|Any CPU
		{18E48CE7-E30F-A521-71D9-2881DE462288}.Debug|Any CPU.Build.0 = Debug|Any CPU
		{18E48CE7-E30F-A521-71D9-2881DE462288}.Release|Any CPU.ActiveCfg = Release|Any CPU
		{18E48CE7-E30F-A521-71D9-2881DE462288}.Release|Any CPU.Build.0 = Release|Any CPU
		{A27043A2-517B-CD26-0D55-014685BDCAE7}.Debug|Any CPU.ActiveCfg = Debug|Any CPU
		{A27043A2-517B-CD26-0D55-014685BDCAE7}.Debug|Any CPU.Build.0 = Debug|Any CPU
		{A27043A2-517B-CD26-0D55-014685BDCAE7}.Release|Any CPU.ActiveCfg = Release|Any CPU
		{A27043A2-517B-CD26-0D55-014685BDCAE7}.Release|Any CPU.Build.0 = Release|Any CPU
		{80F9B431-C036-587A-0590-689448D625E2}.Debug|Any CPU.ActiveCfg = Debug|Any CPU
		{80F9B431-C036-587A-0590-689448D625E2}.Debug|Any CPU.Build.0 = Debug|Any CPU
		{80F9B431-C036-587A-0590-689448D625E2}.Release|Any CPU.ActiveCfg = Release|Any CPU
		{80F9B431-C036-587A-0590-689448D625E2}.Release|Any CPU.Build.0 = Release|Any CPU
		{17699D75-483C-188C-4C8A-B4462536922F}.Debug|Any CPU.ActiveCfg = Debug|Any CPU
		{17699D75-483C-188C-4C8A-B4462536922F}.Debug|Any CPU.Build.0 = Debug|Any CPU
		{17699D75-483C-188C-4C8A-B4462536922F}.Release|Any CPU.ActiveCfg = Release|Any CPU
		{17699D75-483C-188C-4C8A-B4462536922F}.Release|Any CPU.Build.0 = Release|Any CPU
		{049E42D4-1582-C3FC-4CD5-77267A2A0400}.Debug|Any CPU.ActiveCfg = Debug|Any CPU
		{049E42D4-1582-C3FC-4CD5-77267A2A0400}.Debug|Any CPU.Build.0 = Debug|Any CPU
		{049E42D4-1582-C3FC-4CD5-77267A2A0400}.Release|Any CPU.ActiveCfg = Release|Any CPU
		{049E42D4-1582-C3FC-4CD5-77267A2A0400}.Release|Any CPU.Build.0 = Release|Any CPU
		{81DDED9D-158B-E303-5F62-77A2896D2A5A}.Debug|Any CPU.ActiveCfg = Debug|Any CPU
		{81DDED9D-158B-E303-5F62-77A2896D2A5A}.Debug|Any CPU.Build.0 = Debug|Any CPU
		{81DDED9D-158B-E303-5F62-77A2896D2A5A}.Release|Any CPU.ActiveCfg = Release|Any CPU
		{81DDED9D-158B-E303-5F62-77A2896D2A5A}.Release|Any CPU.Build.0 = Release|Any CPU
	EndGlobalSection
	GlobalSection(SolutionProperties) = preSolution
		HideSolutionNode = FALSE
	EndGlobalSection
EndGlobal
